
Microsoft Visual Studio Solution File, Format Version 11.00
# Visual Studio 2010
Project("{8BC9CEB8-8B4A-11D0-8D11-00A0C91BC942}") = "DP", "DP\DP.vcxproj", "{F1E289CD-C098-40D6-9C6B-5D3FF417A1B4}"
EndProject
Global
	GlobalSection(SolutionConfigurationPlatforms) = preSolution
		Debug|Win32 = Debug|Win32
		Release|Win32 = Release|Win32
	EndGlobalSection
	GlobalSection(ProjectConfigurationPlatforms) = postSolution
		{F1E289CD-C098-40D6-9C6B-5D3FF417A1B4}.Debug|Win32.ActiveCfg = Debug|Win32
		{F1E289CD-C098-40D6-9C6B-5D3FF417A1B4}.Debug|Win32.Build.0 = Debug|Win32
		{F1E289CD-C098-40D6-9C6B-5D3FF417A1B4}.Release|Win32.ActiveCfg = Release|Win32
		{F1E289CD-C098-40D6-9C6B-5D3FF417A1B4}.Release|Win32.Build.0 = Release|Win32
	EndGlobalSection
	GlobalSection(SolutionProperties) = preSolution
		HideSolutionNode = FALSE
	EndGlobalSection
EndGlobal
